
Microsoft Visual Studio Solution File, Format Version 12.00
# Visual Studio Version 17
VisualStudioVersion = 17.14.37012.4
MinimumVisualStudioVersion = 10.0.40219.1
Project("{C7167F0D-BC9F-4E6E-AFE1-012C56B48DB5}") = "BankingAppTeamB (Package)", "BankingAppTeamB\BankingAppTeamB (Package)\BankingAppTeamB (Package).wapproj", "{72C23704-D884-415B-8C2E-16838AD879A5}"
EndProject
Project("{FAE04EC0-301F-11D3-BF4B-00C04F79EFBC}") = "BankingAppTeamB", "BankingAppTeamB\BankingAppTeamB\BankingAppTeamB.csproj", "{BEA9E00E-56D7-476A-A594-22766C85A847}"
EndProject
Project("{FAE04EC0-301F-11D3-BF4B-00C04F79EFBC}") = "BankingAppTeamB.Tests", "BankingAppTeamB.Tests\BankingAppTeamB.Tests.csproj", "{28201CAC-EB61-4C82-8B42-EE4075F2A041}"
EndProject
Global
	GlobalSection(SolutionConfigurationPlatforms) = preSolution
		Debug|ARM64 = Debug|ARM64
		Debug|x64 = Debug|x64
		Debug|x86 = Debug|x86
		Debug|Any CPU = Debug|Any CPU
		Release|ARM64 = Release|ARM64
		Release|x64 = Release|x64
		Release|x86 = Release|x86
		Release|Any CPU = Release|Any CPU
	EndGlobalSection
	GlobalSection(ProjectConfigurationPlatforms) = postSolution
		{72C23704-D884-415B-8C2E-16838AD879A5}.Debug|ARM64.ActiveCfg = Debug|ARM64
		{72C23704-D884-415B-8C2E-16838AD879A5}.Debug|ARM64.Build.0 = Debug|ARM64
		{72C23704-D884-415B-8C2E-16838AD879A5}.Debug|ARM64.Deploy.0 = Debug|ARM64
		{72C23704-D884-415B-8C2E-16838AD879A5}.Debug|x64.ActiveCfg = Debug|x64
		{72C23704-D884-415B-8C2E-16838AD879A5}.Debug|x64.Build.0 = Debug|x64
		{72C23704-D884-415B-8C2E-16838AD879A5}.Debug|x64.Deploy.0 = Debug|x64
		{72C23704-D884-415B-8C2E-16838AD879A5}.Debug|x86.ActiveCfg = Debug|x86
		{72C23704-D884-415B-8C2E-16838AD879A5}.Debug|x86.Build.0 = Debug|x86
		{72C23704-D884-415B-8C2E-16838AD879A5}.Debug|x86.Deploy.0 = Debug|x86
		{72C23704-D884-415B-8C2E-16838AD879A5}.Debug|Any CPU.ActiveCfg = Debug|Any CPU
		{72C23704-D884-415B-8C2E-16838AD879A5}.Debug|Any CPU.Build.0 = Debug|Any CPU
		{72C23704-D884-415B-8C2E-16838AD879A5}.Release|ARM64.ActiveCfg = Release|ARM64
		{72C23704-D884-415B-8C2E-16838AD879A5}.Release|ARM64.Build.0 = Release|ARM64
		{72C23704-D884-415B-8C2E-16838AD879A5}.Release|ARM64.Deploy.0 = Release|ARM64
		{72C23704-D884-415B-8C2E-16838AD879A5}.Release|x64.ActiveCfg = Release|x64
		{72C23704-D884-415B-8C2E-16838AD879A5}.Release|x64.Build.0 = Release|x64
		{72C23704-D884-415B-8C2E-16838AD879A5}.Release|x64.Deploy.0 = Release|x64
		{72C23704-D884-415B-8C2E-16838AD879A5}.Release|x86.ActiveCfg = Release|x86
		{72C23704-D884-415B-8C2E-16838AD879A5}.Release|x86.Build.0 = Release|x86
		{72C23704-D884-415B-8C2E-16838AD879A5}.Release|x86.Deploy.0 = Release|x86
		{72C23704-D884-415B-8C2E-16838AD879A5}.Release|Any CPU.ActiveCfg = Release|Any CPU
		{72C23704-D884-415B-8C2E-16838AD879A5}.Release|Any CPU.Build.0 = Release|Any CPU
		{BEA9E00E-56D7-476A-A594-22766C85A847}.Debug|ARM64.ActiveCfg = Debug|ARM64
		{BEA9E00E-56D7-476A-A594-22766C85A847}.Debug|ARM64.Build.0 = Debug|ARM64
		{BEA9E00E-56D7-476A-A594-22766C85A847}.Debug|x64.ActiveCfg = Debug|x64
		{BEA9E00E-56D7-476A-A594-22766C85A847}.Debug|x64.Build.0 = Debug|x64
		{BEA9E00E-56D7-476A-A594-22766C85A847}.Debug|x86.ActiveCfg = Debug|x86
		{BEA9E00E-56D7-476A-A594-22766C85A847}.Debug|x86.Build.0 = Debug|x86
		{BEA9E00E-56D7-476A-A594-22766C85A847}.Debug|Any CPU.ActiveCfg = Debug|Any CPU
		{BEA9E00E-56D7-476A-A594-22766C85A847}.Debug|Any CPU.Build.0 = Debug|Any CPU
		{BEA9E00E-56D7-476A-A594-22766C85A847}.Release|ARM64.ActiveCfg = Release|ARM64
		{BEA9E00E-56D7-476A-A594-22766C85A847}.Release|ARM64.Build.0 = Release|ARM64
		{BEA9E00E-56D7-476A-A594-22766C85A847}.Release|x64.ActiveCfg = Release|x64
		{BEA9E00E-56D7-476A-A594-22766C85A847}.Release|x64.Build.0 = Release|x64
		{BEA9E00E-56D7-476A-A594-22766C85A847}.Release|x86.ActiveCfg = Release|x86
		{BEA9E00E-56D7-476A-A594-22766C85A847}.Release|x86.Build.0 = Release|x86
		{BEA9E00E-56D7-476A-A594-22766C85A847}.Release|Any CPU.ActiveCfg = Release|Any CPU
		{BEA9E00E-56D7-476A-A594-22766C85A847}.Release|Any CPU.Build.0 = Release|Any CPU
		{28201CAC-EB61-4C82-8B42-EE4075F2A041}.Debug|ARM64.ActiveCfg = Debug|Any CPU
		{28201CAC-EB61-4C82-8B42-EE4075F2A041}.Debug|ARM64.Build.0 = Debug|Any CPU
		{28201CAC-EB61-4C82-8B42-EE4075F2A041}.Debug|x64.ActiveCfg = Debug|Any CPU
		{28201CAC-EB61-4C82-8B42-EE4075F2A041}.Debug|x64.Build.0 = Debug|Any CPU
		{28201CAC-EB61-4C82-8B42-EE4075F2A041}.Debug|x86.ActiveCfg = Debug|Any CPU
		{28201CAC-EB61-4C82-8B42-EE4075F2A041}.Debug|x86.Build.0 = Debug|Any CPU
		{28201CAC-EB61-4C82-8B42-EE4075F2A041}.Debug|Any CPU.ActiveCfg = Debug|Any CPU
		{28201CAC-EB61-4C82-8B42-EE4075F2A041}.Debug|Any CPU.Build.0 = Debug|Any CPU
		{28201CAC-EB61-4C82-8B42-EE4075F2A041}.Release|ARM64.ActiveCfg = Release|Any CPU
		{28201CAC-EB61-4C82-8B42-EE4075F2A041}.Release|ARM64.Build.0 = Release|Any CPU
		{28201CAC-EB61-4C82-8B42-EE4075F2A041}.Release|x64.ActiveCfg = Release|Any CPU
		{28201CAC-EB61-4C82-8B42-EE4075F2A041}.Release|x64.Build.0 = Release|Any CPU
		{28201CAC-EB61-4C82-8B42-EE4075F2A041}.Release|x86.ActiveCfg = Release|Any CPU
		{28201CAC-EB61-4C82-8B42-EE4075F2A041}.Release|x86.Build.0 = Release|Any CPU
		{28201CAC-EB61-4C82-8B42-EE4075F2A041}.Release|Any CPU.ActiveCfg = Release|Any CPU
		{28201CAC-EB61-4C82-8B42-EE4075F2A041}.Release|Any CPU.Build.0 = Release|Any CPU
	EndGlobalSection
	GlobalSection(SolutionProperties) = preSolution
		HideSolutionNode = FALSE
	EndGlobalSection
	GlobalSection(ExtensibilityGlobals) = postSolution
		SolutionGuid = {02CFEFE0-CF62-48BF-AB6C-11F104387CCF}
	EndGlobalSection
EndGlobal
